
Microsoft Visual Studio Solution File, Format Version 12.00
# Visual Studio Version 16
VisualStudioVersion = 16.0.32510.428
MinimumVisualStudioVersion = 10.0.40219.1
Project("{FAE04EC0-301F-11D3-BF4B-00C04F79EFBC}") = "Week05-2", "Week05-2\Week05-2.csproj", "{1BB68702-5908-4916-8D26-9F9CE3A929C1}"
EndProject
Global
	GlobalSection(SolutionConfigurationPlatforms) = preSolution
		Debug|Any CPU = Debug|Any CPU
		Release|Any CPU = Release|Any CPU
	EndGlobalSection
	GlobalSection(ProjectConfigurationPlatforms) = postSolution
		{1BB68702-5908-4916-8D26-9F9CE3A929C1}.Debug|Any CPU.ActiveCfg = Debug|Any CPU
		{1BB68702-5908-4916-8D26-9F9CE3A929C1}.Debug|Any CPU.Build.0 = Debug|Any CPU
		{1BB68702-5908-4916-8D26-9F9CE3A929C1}.Release|Any CPU.ActiveCfg = Release|Any CPU
		{1BB68702-5908-4916-8D26-9F9CE3A929C1}.Release|Any CPU.Build.0 = Release|Any CPU
	EndGlobalSection
	GlobalSection(SolutionProperties) = preSolution
		HideSolutionNode = FALSE
	EndGlobalSection
	GlobalSection(ExtensibilityGlobals) = postSolution
		SolutionGuid = {A15EE6E8-9397-40F9-8644-BAEB6A0656AA}
	EndGlobalSection
EndGlobal
